
Microsoft Visual Studio Solution File, Format Version 12.00
# Visual Studio Version 16
VisualStudioVersion = 16.0.31005.135
MinimumVisualStudioVersion = 10.0.40219.1
Project("{FAE04EC0-301F-11D3-BF4B-00C04F79EFBC}") = "SM.931802.Komarov.Lab1", "SM.931802.Komarov.Lab1\SM.931802.Komarov.Lab1.csproj", "{2EC22157-DA90-4A99-B732-79DFCE0FB07F}"
EndProject
Global
	GlobalSection(SolutionConfigurationPlatforms) = preSolution
		Debug|Any CPU = Debug|Any CPU
		Release|Any CPU = Release|Any CPU
	EndGlobalSection
	GlobalSection(ProjectConfigurationPlatforms) = postSolution
		{2EC22157-DA90-4A99-B732-79DFCE0FB07F}.Debug|Any CPU.ActiveCfg = Debug|Any CPU
		{2EC22157-DA90-4A99-B732-79DFCE0FB07F}.Debug|Any CPU.Build.0 = Debug|Any CPU
		{2EC22157-DA90-4A99-B732-79DFCE0FB07F}.Release|Any CPU.ActiveCfg = Release|Any CPU
		{2EC22157-DA90-4A99-B732-79DFCE0FB07F}.Release|Any CPU.Build.0 = Release|Any CPU
	EndGlobalSection
	GlobalSection(SolutionProperties) = preSolution
		HideSolutionNode = FALSE
	EndGlobalSection
	GlobalSection(ExtensibilityGlobals) = postSolution
		SolutionGuid = {9D9918B8-88C2-47C8-B385-8CDAA36019BB}
	EndGlobalSection
EndGlobal
